
Microsoft Visual Studio Solution File, Format Version 12.00
# Visual Studio Version 16
VisualStudioVersion = 16.0.29709.97
MinimumVisualStudioVersion = 10.0.40219.1
Project("{FAE04EC0-301F-11D3-BF4B-00C04F79EFBC}") = "MovieApplication", "MovieApplication\MovieApplication.csproj", "{FDBA13AF-2E83-4AFE-97B7-59867948825D}"
EndProject
Global
	GlobalSection(SolutionConfigurationPlatforms) = preSolution
		Debug|Any CPU = Debug|Any CPU
		Release|Any CPU = Release|Any CPU
	EndGlobalSection
	GlobalSection(ProjectConfigurationPlatforms) = postSolution
		{FDBA13AF-2E83-4AFE-97B7-59867948825D}.Debug|Any CPU.ActiveCfg = Debug|Any CPU
		{FDBA13AF-2E83-4AFE-97B7-59867948825D}.Debug|Any CPU.Build.0 = Debug|Any CPU
		{FDBA13AF-2E83-4AFE-97B7-59867948825D}.Release|Any CPU.ActiveCfg = Release|Any CPU
		{FDBA13AF-2E83-4AFE-97B7-59867948825D}.Release|Any CPU.Build.0 = Release|Any CPU
	EndGlobalSection
	GlobalSection(SolutionProperties) = preSolution
		HideSolutionNode = FALSE
	EndGlobalSection
	GlobalSection(ExtensibilityGlobals) = postSolution
		SolutionGuid = {84234A9D-D83F-47E4-B2FE-CE75363595A7}
	EndGlobalSection
EndGlobal
